
Microsoft Visual Studio Solution File, Format Version 12.00
# Visual Studio 15
VisualStudioVersion = 15.0.28307.489
MinimumVisualStudioVersion = 10.0.40219.1
Project("{FAE04EC0-301F-11D3-BF4B-00C04F79EFBC}") = "SharpFlying", "SharpFlying\SharpFlying.csproj", "{C6CD3471-FC05-4280-B426-61626C6B15BE}"
EndProject
Project("{FAE04EC0-301F-11D3-BF4B-00C04F79EFBC}") = "VidBuffLib", "VidBuffLib\VidBuffLib.csproj", "{129DF76E-94FB-4098-809A-F2E58298C9C6}"
EndProject
Project("{FAE04EC0-301F-11D3-BF4B-00C04F79EFBC}") = "ServiceLib", "ServiceLib\ServiceLib.csproj", "{9DF90151-0A5C-4D56-8F3C-9A890A76ED7A}"
EndProject
Project("{FAE04EC0-301F-11D3-BF4B-00C04F79EFBC}") = "EdgyLib", "EdgyLib\EdgyLib.csproj", "{C1AD2C09-9ECB-4B7A-BED1-D3474180B0DE}"
EndProject
Project("{FAE04EC0-301F-11D3-BF4B-00C04F79EFBC}") = "Geometry", "Geometry\Geometry.csproj", "{6D6FCC45-597E-49E2-934D-5BA6ECB217F3}"
EndProject
Global
	GlobalSection(SolutionConfigurationPlatforms) = preSolution
		Debug|Any CPU = Debug|Any CPU
		Release|Any CPU = Release|Any CPU
	EndGlobalSection
	GlobalSection(ProjectConfigurationPlatforms) = postSolution
		{C6CD3471-FC05-4280-B426-61626C6B15BE}.Debug|Any CPU.ActiveCfg = Debug|Any CPU
		{C6CD3471-FC05-4280-B426-61626C6B15BE}.Debug|Any CPU.Build.0 = Debug|Any CPU
		{C6CD3471-FC05-4280-B426-61626C6B15BE}.Release|Any CPU.ActiveCfg = Release|Any CPU
		{C6CD3471-FC05-4280-B426-61626C6B15BE}.Release|Any CPU.Build.0 = Release|Any CPU
		{129DF76E-94FB-4098-809A-F2E58298C9C6}.Debug|Any CPU.ActiveCfg = Debug|Any CPU
		{129DF76E-94FB-4098-809A-F2E58298C9C6}.Debug|Any CPU.Build.0 = Debug|Any CPU
		{129DF76E-94FB-4098-809A-F2E58298C9C6}.Release|Any CPU.ActiveCfg = Release|Any CPU
		{129DF76E-94FB-4098-809A-F2E58298C9C6}.Release|Any CPU.Build.0 = Release|Any CPU
		{9DF90151-0A5C-4D56-8F3C-9A890A76ED7A}.Debug|Any CPU.ActiveCfg = Debug|Any CPU
		{9DF90151-0A5C-4D56-8F3C-9A890A76ED7A}.Debug|Any CPU.Build.0 = Debug|Any CPU
		{9DF90151-0A5C-4D56-8F3C-9A890A76ED7A}.Release|Any CPU.ActiveCfg = Release|Any CPU
		{9DF90151-0A5C-4D56-8F3C-9A890A76ED7A}.Release|Any CPU.Build.0 = Release|Any CPU
		{C1AD2C09-9ECB-4B7A-BED1-D3474180B0DE}.Debug|Any CPU.ActiveCfg = Debug|Any CPU
		{C1AD2C09-9ECB-4B7A-BED1-D3474180B0DE}.Debug|Any CPU.Build.0 = Debug|Any CPU
		{C1AD2C09-9ECB-4B7A-BED1-D3474180B0DE}.Release|Any CPU.ActiveCfg = Release|Any CPU
		{C1AD2C09-9ECB-4B7A-BED1-D3474180B0DE}.Release|Any CPU.Build.0 = Release|Any CPU
		{6D6FCC45-597E-49E2-934D-5BA6ECB217F3}.Debug|Any CPU.ActiveCfg = Debug|Any CPU
		{6D6FCC45-597E-49E2-934D-5BA6ECB217F3}.Debug|Any CPU.Build.0 = Debug|Any CPU
		{6D6FCC45-597E-49E2-934D-5BA6ECB217F3}.Release|Any CPU.ActiveCfg = Release|Any CPU
		{6D6FCC45-597E-49E2-934D-5BA6ECB217F3}.Release|Any CPU.Build.0 = Release|Any CPU
	EndGlobalSection
	GlobalSection(SolutionProperties) = preSolution
		HideSolutionNode = FALSE
	EndGlobalSection
	GlobalSection(ExtensibilityGlobals) = postSolution
		SolutionGuid = {1BCAF1BF-D549-42A3-B2E4-B38CF9AD0726}
	EndGlobalSection
EndGlobal
